
Microsoft Visual Studio Solution File, Format Version 12.00
# Visual Studio Version 16
VisualStudioVersion = 16.0.33529.622
MinimumVisualStudioVersion = 10.0.40219.1
Project("{FAE04EC0-301F-11D3-BF4B-00C04F79EFBC}") = "NotAliciUygulaması", "NotAliciUygulaması\NotAliciUygulaması.csproj", "{A8AA86B9-9BAC-43F4-8116-51D382F49A9A}"
EndProject
Global
	GlobalSection(SolutionConfigurationPlatforms) = preSolution
		Debug|Any CPU = Debug|Any CPU
		Release|Any CPU = Release|Any CPU
	EndGlobalSection
	GlobalSection(ProjectConfigurationPlatforms) = postSolution
		{A8AA86B9-9BAC-43F4-8116-51D382F49A9A}.Debug|Any CPU.ActiveCfg = Debug|Any CPU
		{A8AA86B9-9BAC-43F4-8116-51D382F49A9A}.Debug|Any CPU.Build.0 = Debug|Any CPU
		{A8AA86B9-9BAC-43F4-8116-51D382F49A9A}.Release|Any CPU.ActiveCfg = Release|Any CPU
		{A8AA86B9-9BAC-43F4-8116-51D382F49A9A}.Release|Any CPU.Build.0 = Release|Any CPU
	EndGlobalSection
	GlobalSection(SolutionProperties) = preSolution
		HideSolutionNode = FALSE
	EndGlobalSection
	GlobalSection(ExtensibilityGlobals) = postSolution
		SolutionGuid = {6FCC2A5C-413E-480A-9BFE-22D8841E611F}
	EndGlobalSection
EndGlobal
